// !$*UTF8*$!
{
	archiveVersion = 1;
	classes = {
	};
	objectVersion = 77;
	objects = {

/* Begin PBXBuildFile section */
		0128374C2E5B8BB8002195A0 /* WidgetKit.framework in Frameworks */ = {isa = PBXBuildFile; fileRef = 0128374B2E5B8BB8002195A0 /* WidgetKit.framework */; };
		0128374E2E5B8BB8002195A0 /* SwiftUI.framework in Frameworks */ = {isa = PBXBuildFile; fileRef = 0128374D2E5B8BB8002195A0 /* SwiftUI.framework */; };
		0128375F2E5B8BB9002195A0 /* SF50 RunwaysExtension.appex in Embed Foundation Extensions */ = {isa = PBXBuildFile; fileRef = 0128374A2E5B8BB8002195A0 /* SF50 RunwaysExtension.appex */; settings = {ATTRIBUTES = (RemoveHeadersOnCopy, ); }; };
		012B1E462DE2F272000D9ADC /* SF50_Shared.framework in Frameworks */ = {isa = PBXBuildFile; fileRef = 012B1E3B2DE2F272000D9ADC /* SF50_Shared.framework */; };
		012B1E502DE2F272000D9ADC /* SF50_Shared.framework in Frameworks */ = {isa = PBXBuildFile; fileRef = 012B1E3B2DE2F272000D9ADC /* SF50_Shared.framework */; };
		012B1E512DE2F272000D9ADC /* SF50_Shared.framework in Embed Frameworks */ = {isa = PBXBuildFile; fileRef = 012B1E3B2DE2F272000D9ADC /* SF50_Shared.framework */; settings = {ATTRIBUTES = (CodeSignOnCopy, RemoveHeadersOnCopy, ); }; };
		012B1E682DE2F463000D9ADC /* SwiftNASR in Frameworks */ = {isa = PBXBuildFile; productRef = 012B1E672DE2F463000D9ADC /* SwiftNASR */; };
		012B1E6C2DE2F463000D9ADC /* Logging in Frameworks */ = {isa = PBXBuildFile; productRef = 012B1E6B2DE2F463000D9ADC /* Logging */; };
		012B1E6E2DE2F463000D9ADC /* AsyncAlgorithms in Frameworks */ = {isa = PBXBuildFile; productRef = 012B1E6D2DE2F463000D9ADC /* AsyncAlgorithms */; };
		01442FC62E1D901900A0BD40 /* InfoPlist.xcstrings in Resources */ = {isa = PBXBuildFile; fileRef = 01442FC52E1D901900A0BD40 /* InfoPlist.xcstrings */; };
		0179DF3E2DE2F7A9002EC77C /* SwiftNASR in Frameworks */ = {isa = PBXBuildFile; productRef = 0163BCA82DDEF40D008FEE8F /* SwiftNASR */; };
		0179DF402DE2F7A9002EC77C /* Logging in Frameworks */ = {isa = PBXBuildFile; productRef = 01D1E3122DDF890100C1CAC8 /* Logging */; };
		0179DF412DE2F7A9002EC77C /* AsyncAlgorithms in Frameworks */ = {isa = PBXBuildFile; productRef = 0163BDEF2DE05260008FEE8F /* AsyncAlgorithms */; };
		0179DFC02DE3CDD3002EC77C /* Defaults in Frameworks */ = {isa = PBXBuildFile; productRef = 0179DFBF2DE3CDD3002EC77C /* Defaults */; };
		018B8F0C2E331989003A0DAF /* RealModule in Frameworks */ = {isa = PBXBuildFile; productRef = 018B8F0B2E331989003A0DAF /* RealModule */; };
		0198B44C2E986226003CB126 /* (null) in Frameworks */ = {isa = PBXBuildFile; };
		0198B44D2E986226003CB126 /* (null) in Frameworks */ = {isa = PBXBuildFile; };
		0198B44E2E986226003CB126 /* Sentry in Frameworks */ = {isa = PBXBuildFile; productRef = 602F51ECCC3348DE83D26B3E /* Sentry */; };
		0198B44F2E986226003CB126 /* (null) in Frameworks */ = {isa = PBXBuildFile; };
		0198B4502E986226003CB126 /* (null) in Frameworks */ = {isa = PBXBuildFile; };
		0198B4512E986226003CB126 /* (null) in Frameworks */ = {isa = PBXBuildFile; };
		0198B4522E986226003CB126 /* (null) in Frameworks */ = {isa = PBXBuildFile; };
		0198B4532E986226003CB126 /* (null) in Frameworks */ = {isa = PBXBuildFile; };
		01A1014F2E93C12E0032AB29 /* Gzip in Frameworks */ = {isa = PBXBuildFile; productRef = 01A1014E2E93C12E0032AB29 /* Gzip */; };
		01A150A02E93BAA700D3180A /* SwiftTimeZoneLookup in Frameworks */ = {isa = PBXBuildFile; productRef = 01A1509F2E93BAA700D3180A /* SwiftTimeZoneLookup */; };
		01A506982E55A78800F8EC4F /* SwiftNASR in Frameworks */ = {isa = PBXBuildFile; productRef = 01A506972E55A78800F8EC4F /* SwiftNASR */; };
		01A5069A2E55A78800F8EC4F /* Logging in Frameworks */ = {isa = PBXBuildFile; productRef = 01A506992E55A78800F8EC4F /* Logging */; };
		01A5069D2E55A79C00F8EC4F /* ArgumentParser in Frameworks */ = {isa = PBXBuildFile; productRef = 01A5069C2E55A79C00F8EC4F /* ArgumentParser */; };
		01BEA32B2E986B10005ABCD8 /* PrivacyInfo.xcprivacy in Resources */ = {isa = PBXBuildFile; fileRef = 01BEA32A2E986B10005ABCD8 /* PrivacyInfo.xcprivacy */; };
		01BEBCB82E8A401100631DE6 /* SwiftHtml in Frameworks */ = {isa = PBXBuildFile; productRef = 01BEBCB72E8A401100631DE6 /* SwiftHtml */; };
		AB352BDD14B44A2CA78F9D44 /* Sentry in Frameworks */ = {isa = PBXBuildFile; productRef = 602F51ECCC3348DE83D26B3E /* Sentry */; };
/* End PBXBuildFile section */

/* Begin PBXContainerItemProxy section */
		0128375D2E5B8BB9002195A0 /* PBXContainerItemProxy */ = {
			isa = PBXContainerItemProxy;
			containerPortal = 0163BC622DDEE9D3008FEE8F /* Project object */;
			proxyType = 1;
			remoteGlobalIDString = 012837492E5B8BB8002195A0;
			remoteInfo = "SF50 RunwaysExtension";
		};
		012837652E5B8BC3002195A0 /* PBXContainerItemProxy */ = {
			isa = PBXContainerItemProxy;
			containerPortal = 0163BC622DDEE9D3008FEE8F /* Project object */;
			proxyType = 1;
			remoteGlobalIDString = 012B1E3A2DE2F272000D9ADC;
			remoteInfo = "SF50 Shared";
		};
		012B1E472DE2F272000D9ADC /* PBXContainerItemProxy */ = {
			isa = PBXContainerItemProxy;
			containerPortal = 0163BC622DDEE9D3008FEE8F /* Project object */;
			proxyType = 1;
			remoteGlobalIDString = 012B1E3A2DE2F272000D9ADC;
			remoteInfo = "SF50 Shared";
		};
		012B1E492DE2F272000D9ADC /* PBXContainerItemProxy */ = {
			isa = PBXContainerItemProxy;
			containerPortal = 0163BC622DDEE9D3008FEE8F /* Project object */;
			proxyType = 1;
			remoteGlobalIDString = 0163BC692DDEE9D3008FEE8F;
			remoteInfo = "SF50 TOLD";
		};
		012B1E4E2DE2F272000D9ADC /* PBXContainerItemProxy */ = {
			isa = PBXContainerItemProxy;
			containerPortal = 0163BC622DDEE9D3008FEE8F /* Project object */;
			proxyType = 1;
			remoteGlobalIDString = 012B1E3A2DE2F272000D9ADC;
			remoteInfo = "SF50 Shared";
		};
		0163BC7A2DDEE9D4008FEE8F /* PBXContainerItemProxy */ = {
			isa = PBXContainerItemProxy;
			containerPortal = 0163BC622DDEE9D3008FEE8F /* Project object */;
			proxyType = 1;
			remoteGlobalIDString = 0163BC692DDEE9D3008FEE8F;
			remoteInfo = "SF50 TOLD";
		};
		0163BC842DDEE9D4008FEE8F /* PBXContainerItemProxy */ = {
			isa = PBXContainerItemProxy;
			containerPortal = 0163BC622DDEE9D3008FEE8F /* Project object */;
			proxyType = 1;
			remoteGlobalIDString = 0163BC692DDEE9D3008FEE8F;
			remoteInfo = "SF50 TOLD";
		};
		0191DC122E9322C20099FB0E /* PBXContainerItemProxy */ = {
			isa = PBXContainerItemProxy;
			containerPortal = 0163BC622DDEE9D3008FEE8F /* Project object */;
			proxyType = 1;
			remoteGlobalIDString = 0163BC692DDEE9D3008FEE8F;
			remoteInfo = "SF50 TOLD";
		};
/* End PBXContainerItemProxy section */

/* Begin PBXCopyFilesBuildPhase section */
		012837602E5B8BB9002195A0 /* Embed Foundation Extensions */ = {
			isa = PBXCopyFilesBuildPhase;
			buildActionMask = 2147483647;
			dstPath = "";
			dstSubfolderSpec = 13;
			files = (
				0128375F2E5B8BB9002195A0 /* SF50 RunwaysExtension.appex in Embed Foundation Extensions */,
			);
			name = "Embed Foundation Extensions";
			runOnlyForDeploymentPostprocessing = 0;
		};
		012B1E552DE2F272000D9ADC /* Embed Frameworks */ = {
			isa = PBXCopyFilesBuildPhase;
			buildActionMask = 2147483647;
			dstPath = "";
			dstSubfolderSpec = 10;
			files = (
				012B1E512DE2F272000D9ADC /* SF50_Shared.framework in Embed Frameworks */,
			);
			name = "Embed Frameworks";
			runOnlyForDeploymentPostprocessing = 0;
		};
		01A5068E2E55A73500F8EC4F /* CopyFiles */ = {
			isa = PBXCopyFilesBuildPhase;
			buildActionMask = 2147483647;
			dstPath = /usr/share/man/man1/;
			dstSubfolderSpec = 0;
			files = (
			);
			runOnlyForDeploymentPostprocessing = 1;
		};
/* End PBXCopyFilesBuildPhase section */

/* Begin PBXFileReference section */
		0128374A2E5B8BB8002195A0 /* SF50 RunwaysExtension.appex */ = {isa = PBXFileReference; explicitFileType = "wrapper.app-extension"; includeInIndex = 0; path = "SF50 RunwaysExtension.appex"; sourceTree = BUILT_PRODUCTS_DIR; };
		0128374B2E5B8BB8002195A0 /* WidgetKit.framework */ = {isa = PBXFileReference; lastKnownFileType = wrapper.framework; name = WidgetKit.framework; path = System/Library/Frameworks/WidgetKit.framework; sourceTree = SDKROOT; };
		0128374D2E5B8BB8002195A0 /* SwiftUI.framework */ = {isa = PBXFileReference; lastKnownFileType = wrapper.framework; name = SwiftUI.framework; path = System/Library/Frameworks/SwiftUI.framework; sourceTree = SDKROOT; };
		012B1E3B2DE2F272000D9ADC /* SF50_Shared.framework */ = {isa = PBXFileReference; explicitFileType = wrapper.framework; includeInIndex = 0; path = SF50_Shared.framework; sourceTree = BUILT_PRODUCTS_DIR; };
		012B1E452DE2F272000D9ADC /* SF50 SharedTests.xctest */ = {isa = PBXFileReference; explicitFileType = wrapper.cfbundle; includeInIndex = 0; path = "SF50 SharedTests.xctest"; sourceTree = BUILT_PRODUCTS_DIR; };
		01442FC52E1D901900A0BD40 /* InfoPlist.xcstrings */ = {isa = PBXFileReference; lastKnownFileType = text.json.xcstrings; path = InfoPlist.xcstrings; sourceTree = "<group>"; };
		0163BC6A2DDEE9D3008FEE8F /* SF50 TOLD.app */ = {isa = PBXFileReference; explicitFileType = wrapper.application; includeInIndex = 0; path = "SF50 TOLD.app"; sourceTree = BUILT_PRODUCTS_DIR; };
		0163BC792DDEE9D4008FEE8F /* SF50 TOLDTests.xctest */ = {isa = PBXFileReference; explicitFileType = wrapper.cfbundle; includeInIndex = 0; path = "SF50 TOLDTests.xctest"; sourceTree = BUILT_PRODUCTS_DIR; };
		0163BC832DDEE9D4008FEE8F /* SF50 TOLDUITests.xctest */ = {isa = PBXFileReference; explicitFileType = wrapper.cfbundle; includeInIndex = 0; path = "SF50 TOLDUITests.xctest"; sourceTree = BUILT_PRODUCTS_DIR; };
		0191DC0C2E9322C20099FB0E /* Generate Screenshots.xctest */ = {isa = PBXFileReference; explicitFileType = wrapper.cfbundle; includeInIndex = 0; path = "Generate Screenshots.xctest"; sourceTree = BUILT_PRODUCTS_DIR; };
		0191DC1B2E93232C0099FB0E /* Generate Screenshots.xctestplan */ = {isa = PBXFileReference; lastKnownFileType = text; name = "Generate Screenshots.xctestplan"; path = "Generate Screenshots/Generate Screenshots.xctestplan"; sourceTree = "<group>"; };
		0191DC1E2E9323590099FB0E /* SF50 Shared Unit Tests.xctestplan */ = {isa = PBXFileReference; lastKnownFileType = text; name = "SF50 Shared Unit Tests.xctestplan"; path = "SF50 SharedTests/SF50 Shared Unit Tests.xctestplan"; sourceTree = "<group>"; };
		0191DC212E9323950099FB0E /* SF50 TOLD UI Tests.xctestplan */ = {isa = PBXFileReference; lastKnownFileType = text; name = "SF50 TOLD UI Tests.xctestplan"; path = "SF50 TOLDUITests/SF50 TOLD UI Tests.xctestplan"; sourceTree = "<group>"; };
		01A506902E55A73500F8EC4F /* DownloadNASR */ = {isa = PBXFileReference; explicitFileType = "compiled.mach-o.executable"; includeInIndex = 0; path = DownloadNASR; sourceTree = BUILT_PRODUCTS_DIR; };
		01AB24552E948B89005D8996 /* SF50 RunwaysExtension.entitlements */ = {isa = PBXFileReference; lastKnownFileType = text.plist.entitlements; path = "SF50 RunwaysExtension.entitlements"; sourceTree = "<group>"; };
		01BEA32A2E986B10005ABCD8 /* PrivacyInfo.xcprivacy */ = {isa = PBXFileReference; lastKnownFileType = text.xml; path = PrivacyInfo.xcprivacy; sourceTree = "<group>"; };
/* End PBXFileReference section */

/* Begin PBXFileSystemSynchronizedBuildFileExceptionSet section */
		01A506A22E55A8BA00F8EC4F /* Exceptions for "SF50 Shared" folder in "SF50 Shared" target */ = {
			isa = PBXFileSystemSynchronizedBuildFileExceptionSet;
			membershipExceptions = (
				Bootstrap.swift,
			);
			target = 012B1E3A2DE2F272000D9ADC /* SF50 Shared */;
		};
		01A506A52E55A99200F8EC4F /* Exceptions for "SF50 Shared" folder in "DownloadNASR" target */ = {
			isa = PBXFileSystemSynchronizedBuildFileExceptionSet;
			membershipExceptions = (
				Bootstrap.swift,
			);
			target = 01A5068F2E55A73500F8EC4F /* DownloadNASR */;
		};
		01B887122E5E2C3500702E95 /* Exceptions for "SF50 Runways" folder in "SF50 RunwaysExtension" target */ = {
			isa = PBXFileSystemSynchronizedBuildFileExceptionSet;
			membershipExceptions = (
				Info.plist,
			);
			target = 012837492E5B8BB8002195A0 /* SF50 RunwaysExtension */;
		};
		01B887142E5E805E00702E95 /* Exceptions for "DownloadNASR" folder in "SF50 TOLD" target */ = {
			isa = PBXFileSystemSynchronizedBuildFileExceptionSet;
			membershipExceptions = (
				AirportDataCodable.swift,
			);
			target = 0163BC692DDEE9D3008FEE8F /* SF50 TOLD */;
		};
		01DB6C0E2E93875E00814F35 /* Exceptions for "SF50 TOLDUITests" folder in "Generate Screenshots" target */ = {
			isa = PBXFileSystemSynchronizedBuildFileExceptionSet;
			membershipExceptions = (
				Extensions.swift,
			);
			target = 0191DC0B2E9322C20099FB0E /* Generate Screenshots */;
		};
/* End PBXFileSystemSynchronizedBuildFileExceptionSet section */

/* Begin PBXFileSystemSynchronizedRootGroup section */
		0128374F2E5B8BB8002195A0 /* SF50 Runways */ = {
			isa = PBXFileSystemSynchronizedRootGroup;
			exceptions = (
				01B887122E5E2C3500702E95 /* Exceptions for "SF50 Runways" folder in "SF50 RunwaysExtension" target */,
			);
			path = "SF50 Runways";
			sourceTree = "<group>";
		};
		012B1E3C2DE2F272000D9ADC /* SF50 Shared */ = {
			isa = PBXFileSystemSynchronizedRootGroup;
			exceptions = (
				01A506A22E55A8BA00F8EC4F /* Exceptions for "SF50 Shared" folder in "SF50 Shared" target */,
				01A506A52E55A99200F8EC4F /* Exceptions for "SF50 Shared" folder in "DownloadNASR" target */,
			);
			explicitFolders = (
				Data,
			);
			path = "SF50 Shared";
			sourceTree = "<group>";
		};
		012B1E4B2DE2F272000D9ADC /* SF50 SharedTests */ = {
			isa = PBXFileSystemSynchronizedRootGroup;
			path = "SF50 SharedTests";
			sourceTree = "<group>";
		};
		0163BC6C2DDEE9D3008FEE8F /* SF50 TOLD */ = {
			isa = PBXFileSystemSynchronizedRootGroup;
			path = "SF50 TOLD";
			sourceTree = "<group>";
		};
		0163BC7C2DDEE9D4008FEE8F /* SF50 TOLDTests */ = {
			isa = PBXFileSystemSynchronizedRootGroup;
			path = "SF50 TOLDTests";
			sourceTree = "<group>";
		};
		0163BC862DDEE9D4008FEE8F /* SF50 TOLDUITests */ = {
			isa = PBXFileSystemSynchronizedRootGroup;
			exceptions = (
				01DB6C0E2E93875E00814F35 /* Exceptions for "SF50 TOLDUITests" folder in "Generate Screenshots" target */,
			);
			path = "SF50 TOLDUITests";
			sourceTree = "<group>";
		};
		0191DC0D2E9322C20099FB0E /* Generate Screenshots */ = {
			isa = PBXFileSystemSynchronizedRootGroup;
			path = "Generate Screenshots";
			sourceTree = "<group>";
		};
		01A506912E55A73500F8EC4F /* DownloadNASR */ = {
			isa = PBXFileSystemSynchronizedRootGroup;
			exceptions = (
				01B887142E5E805E00702E95 /* Exceptions for "DownloadNASR" folder in "SF50 TOLD" target */,
			);
			path = DownloadNASR;
			sourceTree = "<group>";
		};
/* End PBXFileSystemSynchronizedRootGroup section */

/* Begin PBXFrameworksBuildPhase section */
		012837472E5B8BB8002195A0 /* Frameworks */ = {
			isa = PBXFrameworksBuildPhase;
			buildActionMask = 2147483647;
			files = (
				0128374E2E5B8BB8002195A0 /* SwiftUI.framework in Frameworks */,
				0128374C2E5B8BB8002195A0 /* WidgetKit.framework in Frameworks */,
				0198B4502E986226003CB126 /* (null) in Frameworks */,
			);
			runOnlyForDeploymentPostprocessing = 0;
		};
		012B1E382DE2F272000D9ADC /* Frameworks */ = {
			isa = PBXFrameworksBuildPhase;
			buildActionMask = 2147483647;
			files = (
				012B1E6C2DE2F463000D9ADC /* Logging in Frameworks */,
				018B8F0C2E331989003A0DAF /* RealModule in Frameworks */,
				01A1014F2E93C12E0032AB29 /* Gzip in Frameworks */,
				012B1E682DE2F463000D9ADC /* SwiftNASR in Frameworks */,
				012B1E6E2DE2F463000D9ADC /* AsyncAlgorithms in Frameworks */,
				0179DFC02DE3CDD3002EC77C /* Defaults in Frameworks */,
				AB352BDD14B44A2CA78F9D44 /* Sentry in Frameworks */,
			);
			runOnlyForDeploymentPostprocessing = 0;
		};
		012B1E422DE2F272000D9ADC /* Frameworks */ = {
			isa = PBXFrameworksBuildPhase;
			buildActionMask = 2147483647;
			files = (
				012B1E462DE2F272000D9ADC /* SF50_Shared.framework in Frameworks */,
				0198B4532E986226003CB126 /* (null) in Frameworks */,
			);
			runOnlyForDeploymentPostprocessing = 0;
		};
		0163BC672DDEE9D3008FEE8F /* Frameworks */ = {
			isa = PBXFrameworksBuildPhase;
			buildActionMask = 2147483647;
			files = (
				0198B44E2E986226003CB126 /* Sentry in Frameworks */,
				0179DF412DE2F7A9002EC77C /* AsyncAlgorithms in Frameworks */,
				0179DF402DE2F7A9002EC77C /* Logging in Frameworks */,
				0179DF3E2DE2F7A9002EC77C /* SwiftNASR in Frameworks */,
				012B1E502DE2F272000D9ADC /* SF50_Shared.framework in Frameworks */,
				01BEBCB82E8A401100631DE6 /* SwiftHtml in Frameworks */,
				0198B44D2E986226003CB126 /* (null) in Frameworks */,
			);
			runOnlyForDeploymentPostprocessing = 0;
		};
		0163BC762DDEE9D4008FEE8F /* Frameworks */ = {
			isa = PBXFrameworksBuildPhase;
			buildActionMask = 2147483647;
			files = (
				0198B4512E986226003CB126 /* (null) in Frameworks */,
			);
			runOnlyForDeploymentPostprocessing = 0;
		};
		0163BC802DDEE9D4008FEE8F /* Frameworks */ = {
			isa = PBXFrameworksBuildPhase;
			buildActionMask = 2147483647;
			files = (
				0198B4522E986226003CB126 /* (null) in Frameworks */,
			);
			runOnlyForDeploymentPostprocessing = 0;
		};
		0191DC092E9322C20099FB0E /* Frameworks */ = {
			isa = PBXFrameworksBuildPhase;
			buildActionMask = 2147483647;
			files = (
				0198B44C2E986226003CB126 /* (null) in Frameworks */,
			);
			runOnlyForDeploymentPostprocessing = 0;
		};
		01A5068D2E55A73500F8EC4F /* Frameworks */ = {
			isa = PBXFrameworksBuildPhase;
			buildActionMask = 2147483647;
			files = (
				01A5069D2E55A79C00F8EC4F /* ArgumentParser in Frameworks */,
				01A150A02E93BAA700D3180A /* SwiftTimeZoneLookup in Frameworks */,
				01A5069A2E55A78800F8EC4F /* Logging in Frameworks */,
				01A506982E55A78800F8EC4F /* SwiftNASR in Frameworks */,
				0198B44F2E986226003CB126 /* (null) in Frameworks */,
			);
			runOnlyForDeploymentPostprocessing = 0;
		};
/* End PBXFrameworksBuildPhase section */

/* Begin PBXGroup section */
		0163BC612DDEE9D3008FEE8F = {
			isa = PBXGroup;
			children = (
				01BEA32A2E986B10005ABCD8 /* PrivacyInfo.xcprivacy */,
				01AB24552E948B89005D8996 /* SF50 RunwaysExtension.entitlements */,
				0191DC212E9323950099FB0E /* SF50 TOLD UI Tests.xctestplan */,
				0191DC1E2E9323590099FB0E /* SF50 Shared Unit Tests.xctestplan */,
				0191DC1B2E93232C0099FB0E /* Generate Screenshots.xctestplan */,
				01442FC52E1D901900A0BD40 /* InfoPlist.xcstrings */,
				0163BC6C2DDEE9D3008FEE8F /* SF50 TOLD */,
				0163BC7C2DDEE9D4008FEE8F /* SF50 TOLDTests */,
				0163BC862DDEE9D4008FEE8F /* SF50 TOLDUITests */,
				012B1E3C2DE2F272000D9ADC /* SF50 Shared */,
				012B1E4B2DE2F272000D9ADC /* SF50 SharedTests */,
				01A506912E55A73500F8EC4F /* DownloadNASR */,
				0128374F2E5B8BB8002195A0 /* SF50 Runways */,
				0191DC0D2E9322C20099FB0E /* Generate Screenshots */,
				01D1E30E2DDF865100C1CAC8 /* Frameworks */,
				0163BC6B2DDEE9D3008FEE8F /* Products */,
			);
			sourceTree = "<group>";
		};
		0163BC6B2DDEE9D3008FEE8F /* Products */ = {
			isa = PBXGroup;
			children = (
				0163BC6A2DDEE9D3008FEE8F /* SF50 TOLD.app */,
				0163BC792DDEE9D4008FEE8F /* SF50 TOLDTests.xctest */,
				0163BC832DDEE9D4008FEE8F /* SF50 TOLDUITests.xctest */,
				012B1E3B2DE2F272000D9ADC /* SF50_Shared.framework */,
				012B1E452DE2F272000D9ADC /* SF50 SharedTests.xctest */,
				01A506902E55A73500F8EC4F /* DownloadNASR */,
				0128374A2E5B8BB8002195A0 /* SF50 RunwaysExtension.appex */,
				0191DC0C2E9322C20099FB0E /* Generate Screenshots.xctest */,
			);
			name = Products;
			sourceTree = "<group>";
		};
		01D1E30E2DDF865100C1CAC8 /* Frameworks */ = {
			isa = PBXGroup;
			children = (
				0128374B2E5B8BB8002195A0 /* WidgetKit.framework */,
				0128374D2E5B8BB8002195A0 /* SwiftUI.framework */,
			);
			name = Frameworks;
			sourceTree = "<group>";
		};
/* End PBXGroup section */

/* Begin PBXHeadersBuildPhase section */
		012B1E362DE2F272000D9ADC /* Headers */ = {
			isa = PBXHeadersBuildPhase;
			buildActionMask = 2147483647;
			files = (
			);
			runOnlyForDeploymentPostprocessing = 0;
		};
/* End PBXHeadersBuildPhase section */

/* Begin PBXNativeTarget section */
		012837492E5B8BB8002195A0 /* SF50 RunwaysExtension */ = {
			isa = PBXNativeTarget;
			buildConfigurationList = 012837642E5B8BB9002195A0 /* Build configuration list for PBXNativeTarget "SF50 RunwaysExtension" */;
			buildPhases = (
				012837462E5B8BB8002195A0 /* Sources */,
				012837472E5B8BB8002195A0 /* Frameworks */,
				012837482E5B8BB8002195A0 /* Resources */,
			);
			buildRules = (
			);
			dependencies = (
				012837662E5B8BC3002195A0 /* PBXTargetDependency */,
			);
			fileSystemSynchronizedGroups = (
				0128374F2E5B8BB8002195A0 /* SF50 Runways */,
			);
			name = "SF50 RunwaysExtension";
			packageProductDependencies = (
			);
			productName = "SF50 RunwaysExtension";
			productReference = 0128374A2E5B8BB8002195A0 /* SF50 RunwaysExtension.appex */;
			productType = "com.apple.product-type.app-extension";
		};
		012B1E3A2DE2F272000D9ADC /* SF50 Shared */ = {
			isa = PBXNativeTarget;
			buildConfigurationList = 012B1E522DE2F272000D9ADC /* Build configuration list for PBXNativeTarget "SF50 Shared" */;
			buildPhases = (
				012B1E362DE2F272000D9ADC /* Headers */,
				012B1E372DE2F272000D9ADC /* Sources */,
				012B1E382DE2F272000D9ADC /* Frameworks */,
				012B1E392DE2F272000D9ADC /* Resources */,
			);
			buildRules = (
			);
			dependencies = (
			);
			fileSystemSynchronizedGroups = (
				012B1E3C2DE2F272000D9ADC /* SF50 Shared */,
			);
			name = "SF50 Shared";
			packageProductDependencies = (
				012B1E672DE2F463000D9ADC /* SwiftNASR */,
				012B1E6B2DE2F463000D9ADC /* Logging */,
				012B1E6D2DE2F463000D9ADC /* AsyncAlgorithms */,
				0179DFBF2DE3CDD3002EC77C /* Defaults */,
				018B8F0B2E331989003A0DAF /* RealModule */,
				01A1014E2E93C12E0032AB29 /* Gzip */,
			);
			productName = "SF50 Shared";
			productReference = 012B1E3B2DE2F272000D9ADC /* SF50_Shared.framework */;
			productType = "com.apple.product-type.framework";
		};
		012B1E442DE2F272000D9ADC /* SF50 SharedTests */ = {
			isa = PBXNativeTarget;
			buildConfigurationList = 012B1E562DE2F272000D9ADC /* Build configuration list for PBXNativeTarget "SF50 SharedTests" */;
			buildPhases = (
				012B1E412DE2F272000D9ADC /* Sources */,
				012B1E422DE2F272000D9ADC /* Frameworks */,
				012B1E432DE2F272000D9ADC /* Resources */,
			);
			buildRules = (
			);
			dependencies = (
				012B1E482DE2F272000D9ADC /* PBXTargetDependency */,
				012B1E4A2DE2F272000D9ADC /* PBXTargetDependency */,
			);
			fileSystemSynchronizedGroups = (
				012B1E4B2DE2F272000D9ADC /* SF50 SharedTests */,
			);
			name = "SF50 SharedTests";
			packageProductDependencies = (
			);
			productName = "SF50 SharedTests";
			productReference = 012B1E452DE2F272000D9ADC /* SF50 SharedTests.xctest */;
			productType = "com.apple.product-type.bundle.unit-test";
		};
		0163BC692DDEE9D3008FEE8F /* SF50 TOLD */ = {
			isa = PBXNativeTarget;
			buildConfigurationList = 0163BC8D2DDEE9D4008FEE8F /* Build configuration list for PBXNativeTarget "SF50 TOLD" */;
			buildPhases = (
				0163BC662DDEE9D3008FEE8F /* Sources */,
				0163BC672DDEE9D3008FEE8F /* Frameworks */,
				0163BC682DDEE9D3008FEE8F /* Resources */,
				012B1E552DE2F272000D9ADC /* Embed Frameworks */,
				012837602E5B8BB9002195A0 /* Embed Foundation Extensions */,
				A1B2C3D4E5F6789012345678 /* Generate Sentry Framework dSYM */,
				CC70812E05EB4C6A9C28744E /* Upload Debug Symbols to Sentry */,
			);
			buildRules = (
			);
			dependencies = (
				012B1E4F2DE2F272000D9ADC /* PBXTargetDependency */,
				0128375E2E5B8BB9002195A0 /* PBXTargetDependency */,
			);
			fileSystemSynchronizedGroups = (
				0163BC6C2DDEE9D3008FEE8F /* SF50 TOLD */,
			);
			name = "SF50 TOLD";
			packageProductDependencies = (
				0163BCA82DDEF40D008FEE8F /* SwiftNASR */,
				01D1E3122DDF890100C1CAC8 /* Logging */,
				0163BDEF2DE05260008FEE8F /* AsyncAlgorithms */,
				01BEBCB72E8A401100631DE6 /* SwiftHtml */,
				602F51ECCC3348DE83D26B3E /* Sentry */,
			);
			productName = "SF50 TOLD";
			productReference = 0163BC6A2DDEE9D3008FEE8F /* SF50 TOLD.app */;
			productType = "com.apple.product-type.application";
		};
		0163BC782DDEE9D4008FEE8F /* SF50 TOLDTests */ = {
			isa = PBXNativeTarget;
			buildConfigurationList = 0163BC902DDEE9D4008FEE8F /* Build configuration list for PBXNativeTarget "SF50 TOLDTests" */;
			buildPhases = (
				0163BC752DDEE9D4008FEE8F /* Sources */,
				0163BC762DDEE9D4008FEE8F /* Frameworks */,
				0163BC772DDEE9D4008FEE8F /* Resources */,
			);
			buildRules = (
			);
			dependencies = (
				0163BC7B2DDEE9D4008FEE8F /* PBXTargetDependency */,
			);
			fileSystemSynchronizedGroups = (
				0163BC7C2DDEE9D4008FEE8F /* SF50 TOLDTests */,
			);
			name = "SF50 TOLDTests";
			packageProductDependencies = (
			);
			productName = "SF50 TOLDTests";
			productReference = 0163BC792DDEE9D4008FEE8F /* SF50 TOLDTests.xctest */;
			productType = "com.apple.product-type.bundle.unit-test";
		};
		0163BC822DDEE9D4008FEE8F /* SF50 TOLDUITests */ = {
			isa = PBXNativeTarget;
			buildConfigurationList = 0163BC932DDEE9D4008FEE8F /* Build configuration list for PBXNativeTarget "SF50 TOLDUITests" */;
			buildPhases = (
				0163BC7F2DDEE9D4008FEE8F /* Sources */,
				0163BC802DDEE9D4008FEE8F /* Frameworks */,
				0163BC812DDEE9D4008FEE8F /* Resources */,
			);
			buildRules = (
			);
			dependencies = (
				0163BC852DDEE9D4008FEE8F /* PBXTargetDependency */,
			);
			fileSystemSynchronizedGroups = (
				0163BC862DDEE9D4008FEE8F /* SF50 TOLDUITests */,
			);
			name = "SF50 TOLDUITests";
			packageProductDependencies = (
			);
			productName = "SF50 TOLDUITests";
			productReference = 0163BC832DDEE9D4008FEE8F /* SF50 TOLDUITests.xctest */;
			productType = "com.apple.product-type.bundle.ui-testing";
		};
		0191DC0B2E9322C20099FB0E /* Generate Screenshots */ = {
			isa = PBXNativeTarget;
			buildConfigurationList = 0191DC162E9322C20099FB0E /* Build configuration list for PBXNativeTarget "Generate Screenshots" */;
			buildPhases = (
				0191DC082E9322C20099FB0E /* Sources */,
				0191DC092E9322C20099FB0E /* Frameworks */,
				0191DC0A2E9322C20099FB0E /* Resources */,
			);
			buildRules = (
			);
			dependencies = (
				0191DC132E9322C20099FB0E /* PBXTargetDependency */,
			);
			fileSystemSynchronizedGroups = (
				0191DC0D2E9322C20099FB0E /* Generate Screenshots */,
			);
			name = "Generate Screenshots";
			packageProductDependencies = (
			);
			productName = "Generate Screenshots";
			productReference = 0191DC0C2E9322C20099FB0E /* Generate Screenshots.xctest */;
			productType = "com.apple.product-type.bundle.ui-testing";
		};
		01A5068F2E55A73500F8EC4F /* DownloadNASR */ = {
			isa = PBXNativeTarget;
			buildConfigurationList = 01A506962E55A73500F8EC4F /* Build configuration list for PBXNativeTarget "DownloadNASR" */;
			buildPhases = (
				01A5068C2E55A73500F8EC4F /* Sources */,
				01A5068D2E55A73500F8EC4F /* Frameworks */,
				01A5068E2E55A73500F8EC4F /* CopyFiles */,
			);
			buildRules = (
			);
			dependencies = (
			);
			fileSystemSynchronizedGroups = (
				01A506912E55A73500F8EC4F /* DownloadNASR */,
			);
			name = DownloadNASR;
			packageProductDependencies = (
				01A506972E55A78800F8EC4F /* SwiftNASR */,
				01A506992E55A78800F8EC4F /* Logging */,
				01A5069C2E55A79C00F8EC4F /* ArgumentParser */,
				01A1509F2E93BAA700D3180A /* SwiftTimeZoneLookup */,
			);
			productName = DownloadNASR;
			productReference = 01A506902E55A73500F8EC4F /* DownloadNASR */;
			productType = "com.apple.product-type.tool";
		};
/* End PBXNativeTarget section */

/* Begin PBXProject section */
		0163BC622DDEE9D3008FEE8F /* Project object */ = {
			isa = PBXProject;
			attributes = {
				BuildIndependentTargetsInParallel = 1;
				LastSwiftUpdateCheck = 2600;
				LastUpgradeCheck = 2600;
				TargetAttributes = {
					012837492E5B8BB8002195A0 = {
						CreatedOnToolsVersion = 16.4;
					};
					012B1E3A2DE2F272000D9ADC = {
						CreatedOnToolsVersion = 16.3;
					};
					012B1E442DE2F272000D9ADC = {
						CreatedOnToolsVersion = 16.3;
						TestTargetID = 0163BC692DDEE9D3008FEE8F;
					};
					0163BC692DDEE9D3008FEE8F = {
						CreatedOnToolsVersion = 16.3;
					};
					0163BC782DDEE9D4008FEE8F = {
						CreatedOnToolsVersion = 16.3;
						TestTargetID = 0163BC692DDEE9D3008FEE8F;
					};
					0163BC822DDEE9D4008FEE8F = {
						CreatedOnToolsVersion = 16.3;
						TestTargetID = 0163BC692DDEE9D3008FEE8F;
					};
					0191DC0B2E9322C20099FB0E = {
						CreatedOnToolsVersion = 26.0.1;
						TestTargetID = 0163BC692DDEE9D3008FEE8F;
					};
					01A5068F2E55A73500F8EC4F = {
						CreatedOnToolsVersion = 16.4;
						LastSwiftMigration = 1640;
					};
				};
			};
			buildConfigurationList = 0163BC652DDEE9D3008FEE8F /* Build configuration list for PBXProject "SF50 TOLD" */;
			developmentRegion = en;
			hasScannedForEncodings = 0;
			knownRegions = (
				en,
				Base,
			);
			mainGroup = 0163BC612DDEE9D3008FEE8F;
			minimizedProjectReferenceProxies = 1;
			packageReferences = (
				0163BCA72DDEF40D008FEE8F /* XCRemoteSwiftPackageReference "SwiftNASR" */,
				01D1E3112DDF890100C1CAC8 /* XCRemoteSwiftPackageReference "swift-log" */,
				0163BDEE2DE05260008FEE8F /* XCRemoteSwiftPackageReference "swift-async-algorithms" */,
				0179DFBE2DE3CDD3002EC77C /* XCRemoteSwiftPackageReference "Defaults" */,
				0116B3A72E331916001FC453 /* XCRemoteSwiftPackageReference "swift-numerics" */,
				01A5069B2E55A79C00F8EC4F /* XCRemoteSwiftPackageReference "swift-argument-parser" */,
				01BEBCB62E8A401100631DE6 /* XCRemoteSwiftPackageReference "swift-html" */,
				01A1509E2E93B93900D3180A /* XCRemoteSwiftPackageReference "SwiftTimeZoneLookup" */,
				01A1014D2E93BF240032AB29 /* XCRemoteSwiftPackageReference "GzipSwift" */,
				A0265BD12B874F4A917707F3 /* XCRemoteSwiftPackageReference "sentry-cocoa" */,
			);
			preferredProjectObjectVersion = 77;
			productRefGroup = 0163BC6B2DDEE9D3008FEE8F /* Products */;
			projectDirPath = "";
			projectRoot = "";
			targets = (
				0163BC692DDEE9D3008FEE8F /* SF50 TOLD */,
				0163BC782DDEE9D4008FEE8F /* SF50 TOLDTests */,
				0163BC822DDEE9D4008FEE8F /* SF50 TOLDUITests */,
				012B1E3A2DE2F272000D9ADC /* SF50 Shared */,
				012B1E442DE2F272000D9ADC /* SF50 SharedTests */,
				01A5068F2E55A73500F8EC4F /* DownloadNASR */,
				012837492E5B8BB8002195A0 /* SF50 RunwaysExtension */,
				0191DC0B2E9322C20099FB0E /* Generate Screenshots */,
			);
		};
/* End PBXProject section */

/* Begin PBXResourcesBuildPhase section */
		012837482E5B8BB8002195A0 /* Resources */ = {
			isa = PBXResourcesBuildPhase;
			buildActionMask = 2147483647;
			files = (
			);
			runOnlyForDeploymentPostprocessing = 0;
		};
		012B1E392DE2F272000D9ADC /* Resources */ = {
			isa = PBXResourcesBuildPhase;
			buildActionMask = 2147483647;
			files = (
			);
			runOnlyForDeploymentPostprocessing = 0;
		};
		012B1E432DE2F272000D9ADC /* Resources */ = {
			isa = PBXResourcesBuildPhase;
			buildActionMask = 2147483647;
			files = (
			);
			runOnlyForDeploymentPostprocessing = 0;
		};
		0163BC682DDEE9D3008FEE8F /* Resources */ = {
			isa = PBXResourcesBuildPhase;
			buildActionMask = 2147483647;
			files = (
				01BEA32B2E986B10005ABCD8 /* PrivacyInfo.xcprivacy in Resources */,
				01442FC62E1D901900A0BD40 /* InfoPlist.xcstrings in Resources */,
			);
			runOnlyForDeploymentPostprocessing = 0;
		};
		0163BC772DDEE9D4008FEE8F /* Resources */ = {
			isa = PBXResourcesBuildPhase;
			buildActionMask = 2147483647;
			files = (
			);
			runOnlyForDeploymentPostprocessing = 0;
		};
		0163BC812DDEE9D4008FEE8F /* Resources */ = {
			isa = PBXResourcesBuildPhase;
			buildActionMask = 2147483647;
			files = (
			);
			runOnlyForDeploymentPostprocessing = 0;
		};
		0191DC0A2E9322C20099FB0E /* Resources */ = {
			isa = PBXResourcesBuildPhase;
			buildActionMask = 2147483647;
			files = (
			);
			runOnlyForDeploymentPostprocessing = 0;
		};
/* End PBXResourcesBuildPhase section */

/* Begin PBXShellScriptBuildPhase section */
		A1B2C3D4E5F6789012345678 /* Generate Sentry Framework dSYM */ = {
			isa = PBXShellScriptBuildPhase;
			alwaysOutOfDate = 1;
			buildActionMask = 2147483647;
			files = (
			);
			inputPaths = (
			);
			name = "Generate Sentry Framework dSYM";
			outputPaths = (
			);
			runOnlyForDeploymentPostprocessing = 0;
			shellPath = /bin/sh;
			shellScript = "# Generate dSYM for Sentry framework after it's been embedded and stripped\nif [ \"$CONFIGURATION\" = \"Release\" ] || [ \"$EFFECTIVE_PLATFORM_NAME\" = \"-iphoneos\" ]; then\n    SENTRY_FRAMEWORK=\"${BUILT_PRODUCTS_DIR}/${FRAMEWORKS_FOLDER_PATH}/Sentry.framework/Sentry\"\n    \n    if [ -f \"$SENTRY_FRAMEWORK\" ]; then\n        echo \"Generating dSYM for Sentry.framework...\"\n        echo \"Framework path: $SENTRY_FRAMEWORK\"\n        \n        # Generate dSYM from the embedded framework binary\n        dsymutil \"$SENTRY_FRAMEWORK\" -o \"${DWARF_DSYM_FOLDER_PATH}/Sentry.framework.dSYM\"\n        \n        if [ -d \"${DWARF_DSYM_FOLDER_PATH}/Sentry.framework.dSYM\" ]; then\n            echo \"Successfully generated Sentry.framework.dSYM\"\n            dwarfdump --uuid \"${DWARF_DSYM_FOLDER_PATH}/Sentry.framework.dSYM\" || true\n        else\n            echo \"warning: Failed to generate Sentry.framework.dSYM\"\n        fi\n    else\n        echo \"warning: Sentry.framework not found at $SENTRY_FRAMEWORK\"\n    fi\nfi\n";
		};
		CC70812E05EB4C6A9C28744E /* Upload Debug Symbols to Sentry */ = {
			isa = PBXShellScriptBuildPhase;
			alwaysOutOfDate = 1;
			buildActionMask = 8;
			files = (
			);
			inputPaths = (
				"${DWARF_DSYM_FOLDER_PATH}/${DWARF_DSYM_FILE_NAME}/Contents/Resources/DWARF/${TARGET_NAME}",
			);
			name = "Upload Debug Symbols to Sentry";
			outputPaths = (
			);
			runOnlyForDeploymentPostprocessing = 1;
			shellPath = /bin/sh;
			shellScript = "# This script is responsible for uploading debug symbols and source context for Sentry.\nif which sentry-cli >/dev/null; then\n  export SENTRY_ORG=timcodes\n  export SENTRY_PROJECT=sf50-told\n  ERROR=$(sentry-cli debug-files upload --include-sources \"$DWARF_DSYM_FOLDER_PATH\" 2>&1 >/dev/null)\n  if [ ! $? -eq 0 ]; then\n    echo \"warning: sentry-cli - $ERROR\"\n  fi\nelse\n  echo \"warning: sentry-cli not installed, download from https://github.com/getsentry/sentry-cli/releases\"\nfi\n";
		};
/* End PBXShellScriptBuildPhase section */

/* Begin PBXSourcesBuildPhase section */
		012837462E5B8BB8002195A0 /* Sources */ = {
			isa = PBXSourcesBuildPhase;
			buildActionMask = 2147483647;
			files = (
			);
			runOnlyForDeploymentPostprocessing = 0;
		};
		012B1E372DE2F272000D9ADC /* Sources */ = {
			isa = PBXSourcesBuildPhase;
			buildActionMask = 2147483647;
			files = (
			);
			runOnlyForDeploymentPostprocessing = 0;
		};
		012B1E412DE2F272000D9ADC /* Sources */ = {
			isa = PBXSourcesBuildPhase;
			buildActionMask = 2147483647;
			files = (
			);
			runOnlyForDeploymentPostprocessing = 0;
		};
		0163BC662DDEE9D3008FEE8F /* Sources */ = {
			isa = PBXSourcesBuildPhase;
			buildActionMask = 2147483647;
			files = (
			);
			runOnlyForDeploymentPostprocessing = 0;
		};
		0163BC752DDEE9D4008FEE8F /* Sources */ = {
			isa = PBXSourcesBuildPhase;
			buildActionMask = 2147483647;
			files = (
			);
			runOnlyForDeploymentPostprocessing = 0;
		};
		0163BC7F2DDEE9D4008FEE8F /* Sources */ = {
			isa = PBXSourcesBuildPhase;
			buildActionMask = 2147483647;
			files = (
			);
			runOnlyForDeploymentPostprocessing = 0;
		};
		0191DC082E9322C20099FB0E /* Sources */ = {
			isa = PBXSourcesBuildPhase;
			buildActionMask = 2147483647;
			files = (
			);
			runOnlyForDeploymentPostprocessing = 0;
		};
		01A5068C2E55A73500F8EC4F /* Sources */ = {
			isa = PBXSourcesBuildPhase;
			buildActionMask = 2147483647;
			files = (
			);
			runOnlyForDeploymentPostprocessing = 0;
		};
/* End PBXSourcesBuildPhase section */

/* Begin PBXTargetDependency section */
		0128375E2E5B8BB9002195A0 /* PBXTargetDependency */ = {
			isa = PBXTargetDependency;
			target = 012837492E5B8BB8002195A0 /* SF50 RunwaysExtension */;
			targetProxy = 0128375D2E5B8BB9002195A0 /* PBXContainerItemProxy */;
		};
		012837662E5B8BC3002195A0 /* PBXTargetDependency */ = {
			isa = PBXTargetDependency;
			target = 012B1E3A2DE2F272000D9ADC /* SF50 Shared */;
			targetProxy = 012837652E5B8BC3002195A0 /* PBXContainerItemProxy */;
		};
		012B1E482DE2F272000D9ADC /* PBXTargetDependency */ = {
			isa = PBXTargetDependency;
			target = 012B1E3A2DE2F272000D9ADC /* SF50 Shared */;
			targetProxy = 012B1E472DE2F272000D9ADC /* PBXContainerItemProxy */;
		};
		012B1E4A2DE2F272000D9ADC /* PBXTargetDependency */ = {
			isa = PBXTargetDependency;
			target = 0163BC692DDEE9D3008FEE8F /* SF50 TOLD */;
			targetProxy = 012B1E492DE2F272000D9ADC /* PBXContainerItemProxy */;
		};
		012B1E4F2DE2F272000D9ADC /* PBXTargetDependency */ = {
			isa = PBXTargetDependency;
			target = 012B1E3A2DE2F272000D9ADC /* SF50 Shared */;
			targetProxy = 012B1E4E2DE2F272000D9ADC /* PBXContainerItemProxy */;
		};
		0163BC7B2DDEE9D4008FEE8F /* PBXTargetDependency */ = {
			isa = PBXTargetDependency;
			target = 0163BC692DDEE9D3008FEE8F /* SF50 TOLD */;
			targetProxy = 0163BC7A2DDEE9D4008FEE8F /* PBXContainerItemProxy */;
		};
		0163BC852DDEE9D4008FEE8F /* PBXTargetDependency */ = {
			isa = PBXTargetDependency;
			target = 0163BC692DDEE9D3008FEE8F /* SF50 TOLD */;
			targetProxy = 0163BC842DDEE9D4008FEE8F /* PBXContainerItemProxy */;
		};
		0191DC132E9322C20099FB0E /* PBXTargetDependency */ = {
			isa = PBXTargetDependency;
			target = 0163BC692DDEE9D3008FEE8F /* SF50 TOLD */;
			targetProxy = 0191DC122E9322C20099FB0E /* PBXContainerItemProxy */;
		};
/* End PBXTargetDependency section */

/* Begin XCBuildConfiguration section */
		012837612E5B8BB9002195A0 /* Debug */ = {
			isa = XCBuildConfiguration;
			buildSettings = {
				ASSETCATALOG_COMPILER_GLOBAL_ACCENT_COLOR_NAME = AccentColor;
				ASSETCATALOG_COMPILER_WIDGET_BACKGROUND_COLOR_NAME = WidgetBackground;
				CODE_SIGN_ENTITLEMENTS = "SF50 RunwaysExtension.entitlements";
				CODE_SIGN_STYLE = Automatic;
				CURRENT_PROJECT_VERSION = 31;
				DEVELOPMENT_TEAM = 2NFSK2WB24;
				GENERATE_INFOPLIST_FILE = YES;
				INFOPLIST_FILE = "SF50 Runways/Info.plist";
				INFOPLIST_KEY_CFBundleDisplayName = "SF50 Runways";
				INFOPLIST_KEY_NSHumanReadableCopyright = "";
				IPHONEOS_DEPLOYMENT_TARGET = 18.0;
				LD_RUNPATH_SEARCH_PATHS = (
					"$(inherited)",
					"@executable_path/Frameworks",
					"@executable_path/../../Frameworks",
				);
				MARKETING_VERSION = 3.0.2;
				PRODUCT_BUNDLE_IDENTIFIER = "codes.tim.SF50-TOLD.SF50-Runways";
				PRODUCT_NAME = "$(TARGET_NAME)";
				SKIP_INSTALL = YES;
				SWIFT_EMIT_LOC_STRINGS = YES;
				SWIFT_VERSION = 5.0;
				TARGETED_DEVICE_FAMILY = "1,2";
			};
			name = Debug;
		};
		012837622E5B8BB9002195A0 /* Release */ = {
			isa = XCBuildConfiguration;
			buildSettings = {
				ASSETCATALOG_COMPILER_GLOBAL_ACCENT_COLOR_NAME = AccentColor;
				ASSETCATALOG_COMPILER_WIDGET_BACKGROUND_COLOR_NAME = WidgetBackground;
				CODE_SIGN_ENTITLEMENTS = "SF50 RunwaysExtension.entitlements";
				CODE_SIGN_STYLE = Automatic;
				CURRENT_PROJECT_VERSION = 31;
				DEVELOPMENT_TEAM = 2NFSK2WB24;
				GENERATE_INFOPLIST_FILE = YES;
				INFOPLIST_FILE = "SF50 Runways/Info.plist";
				INFOPLIST_KEY_CFBundleDisplayName = "SF50 Runways";
				INFOPLIST_KEY_NSHumanReadableCopyright = "";
				IPHONEOS_DEPLOYMENT_TARGET = 18.0;
				LD_RUNPATH_SEARCH_PATHS = (
					"$(inherited)",
					"@executable_path/Frameworks",
					"@executable_path/../../Frameworks",
				);
				MARKETING_VERSION = 3.0.2;
				PRODUCT_BUNDLE_IDENTIFIER = "codes.tim.SF50-TOLD.SF50-Runways";
				PRODUCT_NAME = "$(TARGET_NAME)";
				SKIP_INSTALL = YES;
				SWIFT_EMIT_LOC_STRINGS = YES;
				SWIFT_VERSION = 5.0;
				TARGETED_DEVICE_FAMILY = "1,2";
			};
			name = Release;
		};
		012B1E532DE2F272000D9ADC /* Debug */ = {
			isa = XCBuildConfiguration;
			buildSettings = {
				BUILD_LIBRARY_FOR_DISTRIBUTION = NO;
				CODE_SIGN_IDENTITY = "";
				CODE_SIGN_STYLE = Automatic;
				CURRENT_PROJECT_VERSION = 1;
				DEVELOPMENT_TEAM = 2NFSK2WB24;
				DYLIB_COMPATIBILITY_VERSION = 1;
				DYLIB_CURRENT_VERSION = 1;
				DYLIB_INSTALL_NAME_BASE = "@rpath";
				ENABLE_MODULE_VERIFIER = YES;
				GENERATE_INFOPLIST_FILE = YES;
				INFOPLIST_KEY_NSHumanReadableCopyright = "";
				INSTALL_PATH = "$(LOCAL_LIBRARY_DIR)/Frameworks";
				IPHONEOS_DEPLOYMENT_TARGET = 18.0;
				LD_RUNPATH_SEARCH_PATHS = (
					"$(inherited)",
					"@executable_path/Frameworks",
					"@loader_path/Frameworks",
				);
				MARKETING_VERSION = 1.0;
				MODULE_VERIFIER_SUPPORTED_LANGUAGES = "objective-c objective-c++";
				MODULE_VERIFIER_SUPPORTED_LANGUAGE_STANDARDS = "gnu17 gnu++20";
				PRODUCT_BUNDLE_IDENTIFIER = "codes.tim.SF50-Shared";
				PRODUCT_NAME = "$(TARGET_NAME:c99extidentifier)";
				SKIP_INSTALL = YES;
				SWIFT_EMIT_LOC_STRINGS = YES;
				SWIFT_INSTALL_MODULE = YES;
				SWIFT_INSTALL_OBJC_HEADER = NO;
				TARGETED_DEVICE_FAMILY = "1,2";
				VERSIONING_SYSTEM = "apple-generic";
				VERSION_INFO_PREFIX = "";
			};
			name = Debug;
		};
		012B1E542DE2F272000D9ADC /* Release */ = {
			isa = XCBuildConfiguration;
			buildSettings = {
				BUILD_LIBRARY_FOR_DISTRIBUTION = NO;
				CODE_SIGN_IDENTITY = "";
				CODE_SIGN_STYLE = Automatic;
				CURRENT_PROJECT_VERSION = 1;
				DEVELOPMENT_TEAM = 2NFSK2WB24;
				DYLIB_COMPATIBILITY_VERSION = 1;
				DYLIB_CURRENT_VERSION = 1;
				DYLIB_INSTALL_NAME_BASE = "@rpath";
				ENABLE_MODULE_VERIFIER = YES;
				GENERATE_INFOPLIST_FILE = YES;
				INFOPLIST_KEY_NSHumanReadableCopyright = "";
				INSTALL_PATH = "$(LOCAL_LIBRARY_DIR)/Frameworks";
				IPHONEOS_DEPLOYMENT_TARGET = 18.0;
				LD_RUNPATH_SEARCH_PATHS = (
					"$(inherited)",
					"@executable_path/Frameworks",
					"@loader_path/Frameworks",
				);
				MARKETING_VERSION = 1.0;
				MODULE_VERIFIER_SUPPORTED_LANGUAGES = "objective-c objective-c++";
				MODULE_VERIFIER_SUPPORTED_LANGUAGE_STANDARDS = "gnu17 gnu++20";
				PRODUCT_BUNDLE_IDENTIFIER = "codes.tim.SF50-Shared";
				PRODUCT_NAME = "$(TARGET_NAME:c99extidentifier)";
				SKIP_INSTALL = YES;
				SWIFT_EMIT_LOC_STRINGS = YES;
				SWIFT_INSTALL_MODULE = YES;
				SWIFT_INSTALL_OBJC_HEADER = NO;
				TARGETED_DEVICE_FAMILY = "1,2";
				VERSIONING_SYSTEM = "apple-generic";
				VERSION_INFO_PREFIX = "";
			};
			name = Release;
		};
		012B1E572DE2F272000D9ADC /* Debug */ = {
			isa = XCBuildConfiguration;
			buildSettings = {
				CODE_SIGN_STYLE = Automatic;
				CURRENT_PROJECT_VERSION = 1;
				DEVELOPMENT_TEAM = 2NFSK2WB24;
				GENERATE_INFOPLIST_FILE = YES;
				IPHONEOS_DEPLOYMENT_TARGET = 18.0;
				MARKETING_VERSION = 1.0;
				PRODUCT_BUNDLE_IDENTIFIER = "codes.tim.SF50-SharedTests";
				PRODUCT_NAME = "$(TARGET_NAME)";
				SWIFT_EMIT_LOC_STRINGS = NO;
				TARGETED_DEVICE_FAMILY = "1,2";
				TEST_HOST = "$(BUILT_PRODUCTS_DIR)/SF50 TOLD.app/$(BUNDLE_EXECUTABLE_FOLDER_PATH)/SF50 TOLD";
			};
			name = Debug;
		};
		012B1E582DE2F272000D9ADC /* Release */ = {
			isa = XCBuildConfiguration;
			buildSettings = {
				CODE_SIGN_STYLE = Automatic;
				CURRENT_PROJECT_VERSION = 1;
				DEVELOPMENT_TEAM = 2NFSK2WB24;
				GENERATE_INFOPLIST_FILE = YES;
				IPHONEOS_DEPLOYMENT_TARGET = 18.0;
				MARKETING_VERSION = 1.0;
				PRODUCT_BUNDLE_IDENTIFIER = "codes.tim.SF50-SharedTests";
				PRODUCT_NAME = "$(TARGET_NAME)";
				SWIFT_EMIT_LOC_STRINGS = NO;
				TARGETED_DEVICE_FAMILY = "1,2";
				TEST_HOST = "$(BUILT_PRODUCTS_DIR)/SF50 TOLD.app/$(BUNDLE_EXECUTABLE_FOLDER_PATH)/SF50 TOLD";
			};
			name = Release;
		};
		0163BC8B2DDEE9D4008FEE8F /* Debug */ = {
			isa = XCBuildConfiguration;
			buildSettings = {
				ALWAYS_SEARCH_USER_PATHS = NO;
				ASSETCATALOG_COMPILER_GENERATE_SWIFT_ASSET_SYMBOL_EXTENSIONS = YES;
				CLANG_ANALYZER_NONNULL = YES;
				CLANG_ANALYZER_NUMBER_OBJECT_CONVERSION = YES_AGGRESSIVE;
				CLANG_CXX_LANGUAGE_STANDARD = "gnu++20";
				CLANG_ENABLE_MODULES = YES;
				CLANG_ENABLE_OBJC_ARC = YES;
				CLANG_ENABLE_OBJC_WEAK = YES;
				CLANG_WARN_BLOCK_CAPTURE_AUTORELEASING = YES;
				CLANG_WARN_BOOL_CONVERSION = YES;
				CLANG_WARN_COMMA = YES;
				CLANG_WARN_CONSTANT_CONVERSION = YES;
				CLANG_WARN_DEPRECATED_OBJC_IMPLEMENTATIONS = YES;
				CLANG_WARN_DIRECT_OBJC_ISA_USAGE = YES_ERROR;
				CLANG_WARN_DOCUMENTATION_COMMENTS = YES;
				CLANG_WARN_EMPTY_BODY = YES;
				CLANG_WARN_ENUM_CONVERSION = YES;
				CLANG_WARN_INFINITE_RECURSION = YES;
				CLANG_WARN_INT_CONVERSION = YES;
				CLANG_WARN_NON_LITERAL_NULL_CONVERSION = YES;
				CLANG_WARN_OBJC_IMPLICIT_RETAIN_SELF = YES;
				CLANG_WARN_OBJC_LITERAL_CONVERSION = YES;
				CLANG_WARN_OBJC_ROOT_CLASS = YES_ERROR;
				CLANG_WARN_QUOTED_INCLUDE_IN_FRAMEWORK_HEADER = YES;
				CLANG_WARN_RANGE_LOOP_ANALYSIS = YES;
				CLANG_WARN_STRICT_PROTOTYPES = YES;
				CLANG_WARN_SUSPICIOUS_MOVE = YES;
				CLANG_WARN_UNGUARDED_AVAILABILITY = YES_AGGRESSIVE;
				CLANG_WARN_UNREACHABLE_CODE = YES;
				CLANG_WARN__DUPLICATE_METHOD_MATCH = YES;
				COPY_PHASE_STRIP = NO;
				DEBUG_INFORMATION_FORMAT = dwarf;
				DEVELOPMENT_TEAM = 2NFSK2WB24;
				ENABLE_STRICT_OBJC_MSGSEND = YES;
				ENABLE_TESTABILITY = YES;
				ENABLE_USER_SCRIPT_SANDBOXING = YES;
				GCC_C_LANGUAGE_STANDARD = gnu17;
				GCC_DYNAMIC_NO_PIC = NO;
				GCC_NO_COMMON_BLOCKS = YES;
				GCC_OPTIMIZATION_LEVEL = 0;
				GCC_PREPROCESSOR_DEFINITIONS = (
					"DEBUG=1",
					"$(inherited)",
				);
				GCC_WARN_64_TO_32_BIT_CONVERSION = YES;
				GCC_WARN_ABOUT_RETURN_TYPE = YES_ERROR;
				GCC_WARN_UNDECLARED_SELECTOR = YES;
				GCC_WARN_UNINITIALIZED_AUTOS = YES_AGGRESSIVE;
				GCC_WARN_UNUSED_FUNCTION = YES;
				GCC_WARN_UNUSED_VARIABLE = YES;
				IPHONEOS_DEPLOYMENT_TARGET = 18.4;
				LOCALIZATION_PREFERS_STRING_CATALOGS = YES;
				MTL_ENABLE_DEBUG_INFO = INCLUDE_SOURCE;
				MTL_FAST_MATH = YES;
				ONLY_ACTIVE_ARCH = YES;
				SDKROOT = iphoneos;
				STRING_CATALOG_GENERATE_SYMBOLS = YES;
				SWIFT_ACTIVE_COMPILATION_CONDITIONS = "DEBUG $(inherited)";
				SWIFT_EMIT_LOC_STRINGS = YES;
				SWIFT_OPTIMIZATION_LEVEL = "-Onone";
				SWIFT_VERSION = 6.0;
			};
			name = Debug;
		};
		0163BC8C2DDEE9D4008FEE8F /* Release */ = {
			isa = XCBuildConfiguration;
			buildSettings = {
				ALWAYS_SEARCH_USER_PATHS = NO;
				ASSETCATALOG_COMPILER_GENERATE_SWIFT_ASSET_SYMBOL_EXTENSIONS = YES;
				CLANG_ANALYZER_NONNULL = YES;
				CLANG_ANALYZER_NUMBER_OBJECT_CONVERSION = YES_AGGRESSIVE;
				CLANG_CXX_LANGUAGE_STANDARD = "gnu++20";
				CLANG_ENABLE_MODULES = YES;
				CLANG_ENABLE_OBJC_ARC = YES;
				CLANG_ENABLE_OBJC_WEAK = YES;
				CLANG_WARN_BLOCK_CAPTURE_AUTORELEASING = YES;
				CLANG_WARN_BOOL_CONVERSION = YES;
				CLANG_WARN_COMMA = YES;
				CLANG_WARN_CONSTANT_CONVERSION = YES;
				CLANG_WARN_DEPRECATED_OBJC_IMPLEMENTATIONS = YES;
				CLANG_WARN_DIRECT_OBJC_ISA_USAGE = YES_ERROR;
				CLANG_WARN_DOCUMENTATION_COMMENTS = YES;
				CLANG_WARN_EMPTY_BODY = YES;
				CLANG_WARN_ENUM_CONVERSION = YES;
				CLANG_WARN_INFINITE_RECURSION = YES;
				CLANG_WARN_INT_CONVERSION = YES;
				CLANG_WARN_NON_LITERAL_NULL_CONVERSION = YES;
				CLANG_WARN_OBJC_IMPLICIT_RETAIN_SELF = YES;
				CLANG_WARN_OBJC_LITERAL_CONVERSION = YES;
				CLANG_WARN_OBJC_ROOT_CLASS = YES_ERROR;
				CLANG_WARN_QUOTED_INCLUDE_IN_FRAMEWORK_HEADER = YES;
				CLANG_WARN_RANGE_LOOP_ANALYSIS = YES;
				CLANG_WARN_STRICT_PROTOTYPES = YES;
				CLANG_WARN_SUSPICIOUS_MOVE = YES;
				CLANG_WARN_UNGUARDED_AVAILABILITY = YES_AGGRESSIVE;
				CLANG_WARN_UNREACHABLE_CODE = YES;
				CLANG_WARN__DUPLICATE_METHOD_MATCH = YES;
				COPY_PHASE_STRIP = NO;
				DEBUG_INFORMATION_FORMAT = "dwarf-with-dsym";
				DEVELOPMENT_TEAM = 2NFSK2WB24;
				ENABLE_NS_ASSERTIONS = NO;
				ENABLE_STRICT_OBJC_MSGSEND = YES;
				ENABLE_USER_SCRIPT_SANDBOXING = YES;
				GCC_C_LANGUAGE_STANDARD = gnu17;
				GCC_NO_COMMON_BLOCKS = YES;
				GCC_WARN_64_TO_32_BIT_CONVERSION = YES;
				GCC_WARN_ABOUT_RETURN_TYPE = YES_ERROR;
				GCC_WARN_UNDECLARED_SELECTOR = YES;
				GCC_WARN_UNINITIALIZED_AUTOS = YES_AGGRESSIVE;
				GCC_WARN_UNUSED_FUNCTION = YES;
				GCC_WARN_UNUSED_VARIABLE = YES;
				IPHONEOS_DEPLOYMENT_TARGET = 18.4;
				LOCALIZATION_PREFERS_STRING_CATALOGS = YES;
				MTL_ENABLE_DEBUG_INFO = NO;
				MTL_FAST_MATH = YES;
				SDKROOT = iphoneos;
				STRING_CATALOG_GENERATE_SYMBOLS = YES;
				SWIFT_COMPILATION_MODE = wholemodule;
				SWIFT_EMIT_LOC_STRINGS = YES;
				SWIFT_VERSION = 6.0;
				VALIDATE_PRODUCT = YES;
			};
			name = Release;
		};
		0163BC8E2DDEE9D4008FEE8F /* Debug */ = {
			isa = XCBuildConfiguration;
			buildSettings = {
				ASSETCATALOG_COMPILER_APPICON_NAME = Icon;
				ASSETCATALOG_COMPILER_GLOBAL_ACCENT_COLOR_NAME = AccentColor;
				ASSETCATALOG_COMPILER_INCLUDE_ALL_APPICON_ASSETS = YES;
				CODE_SIGN_ENTITLEMENTS = "SF50 TOLD/SF50 TOLD.entitlements";
				CODE_SIGN_STYLE = Automatic;
				CURRENT_PROJECT_VERSION = 31;
				DEBUG_INFORMATION_FORMAT = "dwarf-with-dsym";
				DEVELOPMENT_TEAM = 2NFSK2WB24;
				ENABLE_PREVIEWS = YES;
				ENABLE_USER_SCRIPT_SANDBOXING = NO;
				GENERATE_INFOPLIST_FILE = YES;
				INFOPLIST_FILE = "SF50-TOLD-Info.plist";
				INFOPLIST_KEY_CFBundleDisplayName = "SF50 TOLD";
				INFOPLIST_KEY_LSApplicationCategoryType = "public.app-category.reference";
				INFOPLIST_KEY_UIApplicationSceneManifest_Generation = YES;
				INFOPLIST_KEY_UIApplicationSupportsIndirectInputEvents = YES;
				INFOPLIST_KEY_UILaunchScreen_Generation = YES;
				INFOPLIST_KEY_UISupportedInterfaceOrientations = UIInterfaceOrientationPortrait;
				INFOPLIST_KEY_UISupportedInterfaceOrientations_iPad = "UIInterfaceOrientationLandscapeLeft UIInterfaceOrientationLandscapeRight UIInterfaceOrientationPortrait UIInterfaceOrientationPortraitUpsideDown";
				IPHONEOS_DEPLOYMENT_TARGET = 18.0;
				LD_RUNPATH_SEARCH_PATHS = (
					"$(inherited)",
					"@executable_path/Frameworks",
				);
				MARKETING_VERSION = 3.0.2;
				PRODUCT_BUNDLE_IDENTIFIER = "codes.tim.SF50-TOLD";
				PRODUCT_NAME = "$(TARGET_NAME)";
				SWIFT_EMIT_LOC_STRINGS = YES;
				TARGETED_DEVICE_FAMILY = "1,2";
			};
			name = Debug;
		};
		0163BC8F2DDEE9D4008FEE8F /* Release */ = {
			isa = XCBuildConfiguration;
			buildSettings = {
				ASSETCATALOG_COMPILER_APPICON_NAME = Icon;
				ASSETCATALOG_COMPILER_GLOBAL_ACCENT_COLOR_NAME = AccentColor;
				ASSETCATALOG_COMPILER_INCLUDE_ALL_APPICON_ASSETS = YES;
				CODE_SIGN_ENTITLEMENTS = "SF50 TOLD/SF50 TOLD.entitlements";
				CODE_SIGN_STYLE = Automatic;
				CURRENT_PROJECT_VERSION = 31;
				DEBUG_INFORMATION_FORMAT = "dwarf-with-dsym";
				DEVELOPMENT_TEAM = 2NFSK2WB24;
				ENABLE_PREVIEWS = YES;
				ENABLE_USER_SCRIPT_SANDBOXING = NO;
				GENERATE_INFOPLIST_FILE = YES;
				INFOPLIST_FILE = "SF50-TOLD-Info.plist";
				INFOPLIST_KEY_CFBundleDisplayName = "SF50 TOLD";
				INFOPLIST_KEY_LSApplicationCategoryType = "public.app-category.reference";
				INFOPLIST_KEY_UIApplicationSceneManifest_Generation = YES;
				INFOPLIST_KEY_UIApplicationSupportsIndirectInputEvents = YES;
				INFOPLIST_KEY_UILaunchScreen_Generation = YES;
				INFOPLIST_KEY_UISupportedInterfaceOrientations = UIInterfaceOrientationPortrait;
				INFOPLIST_KEY_UISupportedInterfaceOrientations_iPad = "UIInterfaceOrientationLandscapeLeft UIInterfaceOrientationLandscapeRight UIInterfaceOrientationPortrait UIInterfaceOrientationPortraitUpsideDown";
				IPHONEOS_DEPLOYMENT_TARGET = 18.0;
				LD_RUNPATH_SEARCH_PATHS = (
					"$(inherited)",
					"@executable_path/Frameworks",
				);
				MARKETING_VERSION = 3.0.2;
				PRODUCT_BUNDLE_IDENTIFIER = "codes.tim.SF50-TOLD";
				PRODUCT_NAME = "$(TARGET_NAME)";
				SWIFT_EMIT_LOC_STRINGS = YES;
				TARGETED_DEVICE_FAMILY = "1,2";
			};
			name = Release;
		};
		0163BC912DDEE9D4008FEE8F /* Debug */ = {
			isa = XCBuildConfiguration;
			buildSettings = {
				BUNDLE_LOADER = "$(TEST_HOST)";
				CODE_SIGN_STYLE = Automatic;
				CURRENT_PROJECT_VERSION = 1;
				DEVELOPMENT_TEAM = 2NFSK2WB24;
				GENERATE_INFOPLIST_FILE = YES;
				IPHONEOS_DEPLOYMENT_TARGET = 18.0;
				MARKETING_VERSION = 1.0;
				PRODUCT_BUNDLE_IDENTIFIER = "codes.tim.SF50-TOLDTests";
				PRODUCT_NAME = "$(TARGET_NAME)";
				SWIFT_EMIT_LOC_STRINGS = NO;
				TARGETED_DEVICE_FAMILY = "1,2";
				TEST_HOST = "$(BUILT_PRODUCTS_DIR)/SF50 TOLD.app/$(BUNDLE_EXECUTABLE_FOLDER_PATH)/SF50 TOLD";
			};
			name = Debug;
		};
		0163BC922DDEE9D4008FEE8F /* Release */ = {
			isa = XCBuildConfiguration;
			buildSettings = {
				BUNDLE_LOADER = "$(TEST_HOST)";
				CODE_SIGN_STYLE = Automatic;
				CURRENT_PROJECT_VERSION = 1;
				DEVELOPMENT_TEAM = 2NFSK2WB24;
				GENERATE_INFOPLIST_FILE = YES;
				IPHONEOS_DEPLOYMENT_TARGET = 18.0;
				MARKETING_VERSION = 1.0;
				PRODUCT_BUNDLE_IDENTIFIER = "codes.tim.SF50-TOLDTests";
				PRODUCT_NAME = "$(TARGET_NAME)";
				SWIFT_EMIT_LOC_STRINGS = NO;
				TARGETED_DEVICE_FAMILY = "1,2";
				TEST_HOST = "$(BUILT_PRODUCTS_DIR)/SF50 TOLD.app/$(BUNDLE_EXECUTABLE_FOLDER_PATH)/SF50 TOLD";
			};
			name = Release;
		};
		0163BC942DDEE9D4008FEE8F /* Debug */ = {
			isa = XCBuildConfiguration;
			buildSettings = {
				CODE_SIGN_STYLE = Automatic;
				CURRENT_PROJECT_VERSION = 1;
				DEVELOPMENT_TEAM = 2NFSK2WB24;
				GENERATE_INFOPLIST_FILE = YES;
				IPHONEOS_DEPLOYMENT_TARGET = 18.0;
				MARKETING_VERSION = 1.0;
				PRODUCT_BUNDLE_IDENTIFIER = "codes.tim.SF50-TOLDUITests";
				PRODUCT_NAME = "$(TARGET_NAME)";
				SWIFT_EMIT_LOC_STRINGS = NO;
				TARGETED_DEVICE_FAMILY = "1,2";
				TEST_TARGET_NAME = "SF50 TOLD";
			};
			name = Debug;
		};
		0163BC952DDEE9D4008FEE8F /* Release */ = {
			isa = XCBuildConfiguration;
			buildSettings = {
				CODE_SIGN_STYLE = Automatic;
				CURRENT_PROJECT_VERSION = 1;
				DEVELOPMENT_TEAM = 2NFSK2WB24;
				GENERATE_INFOPLIST_FILE = YES;
				IPHONEOS_DEPLOYMENT_TARGET = 18.0;
				MARKETING_VERSION = 1.0;
				PRODUCT_BUNDLE_IDENTIFIER = "codes.tim.SF50-TOLDUITests";
				PRODUCT_NAME = "$(TARGET_NAME)";
				SWIFT_EMIT_LOC_STRINGS = NO;
				TARGETED_DEVICE_FAMILY = "1,2";
				TEST_TARGET_NAME = "SF50 TOLD";
			};
			name = Release;
		};
		0191DC142E9322C20099FB0E /* Debug */ = {
			isa = XCBuildConfiguration;
			buildSettings = {
				CODE_SIGN_STYLE = Automatic;
				CURRENT_PROJECT_VERSION = 1;
				DEVELOPMENT_TEAM = 2NFSK2WB24;
				GENERATE_INFOPLIST_FILE = YES;
				IPHONEOS_DEPLOYMENT_TARGET = 26.0;
				MARKETING_VERSION = 1.0;
				PRODUCT_BUNDLE_IDENTIFIER = "codes.tim.Generate-Screenshots";
				PRODUCT_NAME = "$(TARGET_NAME)";
				STRING_CATALOG_GENERATE_SYMBOLS = NO;
				SWIFT_APPROACHABLE_CONCURRENCY = YES;
				SWIFT_EMIT_LOC_STRINGS = NO;
				SWIFT_UPCOMING_FEATURE_MEMBER_IMPORT_VISIBILITY = YES;
				SWIFT_VERSION = 5.0;
				TARGETED_DEVICE_FAMILY = "1,2";
				TEST_TARGET_NAME = "SF50 TOLD";
			};
			name = Debug;
		};
		0191DC152E9322C20099FB0E /* Release */ = {
			isa = XCBuildConfiguration;
			buildSettings = {
				CODE_SIGN_STYLE = Automatic;
				CURRENT_PROJECT_VERSION = 1;
				DEVELOPMENT_TEAM = 2NFSK2WB24;
				GENERATE_INFOPLIST_FILE = YES;
				IPHONEOS_DEPLOYMENT_TARGET = 26.0;
				MARKETING_VERSION = 1.0;
				PRODUCT_BUNDLE_IDENTIFIER = "codes.tim.Generate-Screenshots";
				PRODUCT_NAME = "$(TARGET_NAME)";
				STRING_CATALOG_GENERATE_SYMBOLS = NO;
				SWIFT_APPROACHABLE_CONCURRENCY = YES;
				SWIFT_EMIT_LOC_STRINGS = NO;
				SWIFT_UPCOMING_FEATURE_MEMBER_IMPORT_VISIBILITY = YES;
				SWIFT_VERSION = 5.0;
				TARGETED_DEVICE_FAMILY = "1,2";
				TEST_TARGET_NAME = "SF50 TOLD";
			};
			name = Release;
		};
		01A506942E55A73500F8EC4F /* Debug */ = {
			isa = XCBuildConfiguration;
			buildSettings = {
				CLANG_ENABLE_MODULES = YES;
				CODE_SIGN_STYLE = Automatic;
				DEAD_CODE_STRIPPING = YES;
				DEVELOPMENT_TEAM = 2NFSK2WB24;
				ENABLE_HARDENED_RUNTIME = YES;
				MACOSX_DEPLOYMENT_TARGET = 15.0;
				PRODUCT_BUNDLE_IDENTIFIER = codes.tim;
				PRODUCT_NAME = "$(TARGET_NAME)";
				SDKROOT = macosx;
				SWIFT_OPTIMIZATION_LEVEL = "-Onone";
				SWIFT_VERSION = 6.0;
			};
			name = Debug;
		};
		01A506952E55A73500F8EC4F /* Release */ = {
			isa = XCBuildConfiguration;
			buildSettings = {
				CLANG_ENABLE_MODULES = YES;
				CODE_SIGN_STYLE = Automatic;
				DEAD_CODE_STRIPPING = YES;
				DEVELOPMENT_TEAM = 2NFSK2WB24;
				ENABLE_HARDENED_RUNTIME = YES;
				MACOSX_DEPLOYMENT_TARGET = 15.0;
				PRODUCT_BUNDLE_IDENTIFIER = codes.tim;
				PRODUCT_NAME = "$(TARGET_NAME)";
				SDKROOT = macosx;
				SWIFT_VERSION = 6.0;
			};
			name = Release;
		};
/* End XCBuildConfiguration section */

/* Begin XCConfigurationList section */
		012837642E5B8BB9002195A0 /* Build configuration list for PBXNativeTarget "SF50 RunwaysExtension" */ = {
			isa = XCConfigurationList;
			buildConfigurations = (
				012837612E5B8BB9002195A0 /* Debug */,
				012837622E5B8BB9002195A0 /* Release */,
			);
			defaultConfigurationIsVisible = 0;
			defaultConfigurationName = Release;
		};
		012B1E522DE2F272000D9ADC /* Build configuration list for PBXNativeTarget "SF50 Shared" */ = {
			isa = XCConfigurationList;
			buildConfigurations = (
				012B1E532DE2F272000D9ADC /* Debug */,
				012B1E542DE2F272000D9ADC /* Release */,
			);
			defaultConfigurationIsVisible = 0;
			defaultConfigurationName = Release;
		};
		012B1E562DE2F272000D9ADC /* Build configuration list for PBXNativeTarget "SF50 SharedTests" */ = {
			isa = XCConfigurationList;
			buildConfigurations = (
				012B1E572DE2F272000D9ADC /* Debug */,
				012B1E582DE2F272000D9ADC /* Release */,
			);
			defaultConfigurationIsVisible = 0;
			defaultConfigurationName = Release;
		};
		0163BC652DDEE9D3008FEE8F /* Build configuration list for PBXProject "SF50 TOLD" */ = {
			isa = XCConfigurationList;
			buildConfigurations = (
				0163BC8B2DDEE9D4008FEE8F /* Debug */,
				0163BC8C2DDEE9D4008FEE8F /* Release */,
			);
			defaultConfigurationIsVisible = 0;
			defaultConfigurationName = Release;
		};
		0163BC8D2DDEE9D4008FEE8F /* Build configuration list for PBXNativeTarget "SF50 TOLD" */ = {
			isa = XCConfigurationList;
			buildConfigurations = (
				0163BC8E2DDEE9D4008FEE8F /* Debug */,
				0163BC8F2DDEE9D4008FEE8F /* Release */,
			);
			defaultConfigurationIsVisible = 0;
			defaultConfigurationName = Release;
		};
		0163BC902DDEE9D4008FEE8F /* Build configuration list for PBXNativeTarget "SF50 TOLDTests" */ = {
			isa = XCConfigurationList;
			buildConfigurations = (
				0163BC912DDEE9D4008FEE8F /* Debug */,
				0163BC922DDEE9D4008FEE8F /* Release */,
			);
			defaultConfigurationIsVisible = 0;
			defaultConfigurationName = Release;
		};
		0163BC932DDEE9D4008FEE8F /* Build configuration list for PBXNativeTarget "SF50 TOLDUITests" */ = {
			isa = XCConfigurationList;
			buildConfigurations = (
				0163BC942DDEE9D4008FEE8F /* Debug */,
				0163BC952DDEE9D4008FEE8F /* Release */,
			);
			defaultConfigurationIsVisible = 0;
			defaultConfigurationName = Release;
		};
		0191DC162E9322C20099FB0E /* Build configuration list for PBXNativeTarget "Generate Screenshots" */ = {
			isa = XCConfigurationList;
			buildConfigurations = (
				0191DC142E9322C20099FB0E /* Debug */,
				0191DC152E9322C20099FB0E /* Release */,
			);
			defaultConfigurationIsVisible = 0;
			defaultConfigurationName = Release;
		};
		01A506962E55A73500F8EC4F /* Build configuration list for PBXNativeTarget "DownloadNASR" */ = {
			isa = XCConfigurationList;
			buildConfigurations = (
				01A506942E55A73500F8EC4F /* Debug */,
				01A506952E55A73500F8EC4F /* Release */,
			);
			defaultConfigurationIsVisible = 0;
			defaultConfigurationName = Release;
		};
/* End XCConfigurationList section */

/* Begin XCRemoteSwiftPackageReference section */
		0116B3A72E331916001FC453 /* XCRemoteSwiftPackageReference "swift-numerics" */ = {
			isa = XCRemoteSwiftPackageReference;
			repositoryURL = "https://github.com/apple/swift-numerics.git";
			requirement = {
				kind = upToNextMajorVersion;
				minimumVersion = 1.0.3;
			};
		};
		0163BCA72DDEF40D008FEE8F /* XCRemoteSwiftPackageReference "SwiftNASR" */ = {
			isa = XCRemoteSwiftPackageReference;
			repositoryURL = "https://github.com/RISCfuture/SwiftNASR";
			requirement = {
				branch = master;
				kind = branch;
			};
		};
		0163BDEE2DE05260008FEE8F /* XCRemoteSwiftPackageReference "swift-async-algorithms" */ = {
			isa = XCRemoteSwiftPackageReference;
			repositoryURL = "https://github.com/apple/swift-async-algorithms.git";
			requirement = {
				kind = upToNextMajorVersion;
				minimumVersion = 1.0.4;
			};
		};
		0179DFBE2DE3CDD3002EC77C /* XCRemoteSwiftPackageReference "Defaults" */ = {
			isa = XCRemoteSwiftPackageReference;
			repositoryURL = "https://github.com/sindresorhus/Defaults.git";
			requirement = {
				kind = upToNextMajorVersion;
				minimumVersion = 9.0.2;
			};
		};
		01A1014D2E93BF240032AB29 /* XCRemoteSwiftPackageReference "GzipSwift" */ = {
			isa = XCRemoteSwiftPackageReference;
			repositoryURL = "https://github.com/1024jp/GzipSwift";
			requirement = {
				kind = upToNextMajorVersion;
				minimumVersion = 6.1.0;
			};
		};
		01A1509E2E93B93900D3180A /* XCRemoteSwiftPackageReference "SwiftTimeZoneLookup" */ = {
			isa = XCRemoteSwiftPackageReference;
			repositoryURL = "https://github.com/patrick-zippenfenig/SwiftTimeZoneLookup.git";
			requirement = {
				kind = upToNextMajorVersion;
				minimumVersion = 1.0.7;
			};
		};
		01A5069B2E55A79C00F8EC4F /* XCRemoteSwiftPackageReference "swift-argument-parser" */ = {
			isa = XCRemoteSwiftPackageReference;
			repositoryURL = "https://github.com/apple/swift-argument-parser.git";
			requirement = {
				kind = upToNextMajorVersion;
				minimumVersion = 1.6.1;
			};
		};
		01BEBCB62E8A401100631DE6 /* XCRemoteSwiftPackageReference "swift-html" */ = {
			isa = XCRemoteSwiftPackageReference;
			repositoryURL = "https://github.com/BinaryBirds/swift-html";
			requirement = {
				kind = upToNextMajorVersion;
				minimumVersion = 1.7.0;
			};
		};
		01D1E3112DDF890100C1CAC8 /* XCRemoteSwiftPackageReference "swift-log" */ = {
			isa = XCRemoteSwiftPackageReference;
			repositoryURL = "https://github.com/apple/swift-log.git";
			requirement = {
				kind = upToNextMajorVersion;
				minimumVersion = 1.6.3;
			};
		};
		A0265BD12B874F4A917707F3 /* XCRemoteSwiftPackageReference "sentry-cocoa" */ = {
			isa = XCRemoteSwiftPackageReference;
			repositoryURL = "https://github.com/getsentry/sentry-cocoa/";
			requirement = {
				kind = upToNextMajorVersion;
				minimumVersion = 8.0.0;
			};
		};
/* End XCRemoteSwiftPackageReference section */

/* Begin XCSwiftPackageProductDependency section */
		012B1E672DE2F463000D9ADC /* SwiftNASR */ = {
			isa = XCSwiftPackageProductDependency;
			package = 0163BCA72DDEF40D008FEE8F /* XCRemoteSwiftPackageReference "SwiftNASR" */;
			productName = SwiftNASR;
		};
		012B1E6B2DE2F463000D9ADC /* Logging */ = {
			isa = XCSwiftPackageProductDependency;
			package = 01D1E3112DDF890100C1CAC8 /* XCRemoteSwiftPackageReference "swift-log" */;
			productName = Logging;
		};
		012B1E6D2DE2F463000D9ADC /* AsyncAlgorithms */ = {
			isa = XCSwiftPackageProductDependency;
			package = 0163BDEE2DE05260008FEE8F /* XCRemoteSwiftPackageReference "swift-async-algorithms" */;
			productName = AsyncAlgorithms;
		};
		0163BCA82DDEF40D008FEE8F /* SwiftNASR */ = {
			isa = XCSwiftPackageProductDependency;
			package = 0163BCA72DDEF40D008FEE8F /* XCRemoteSwiftPackageReference "SwiftNASR" */;
			productName = SwiftNASR;
		};
		0163BDEF2DE05260008FEE8F /* AsyncAlgorithms */ = {
			isa = XCSwiftPackageProductDependency;
			package = 0163BDEE2DE05260008FEE8F /* XCRemoteSwiftPackageReference "swift-async-algorithms" */;
			productName = AsyncAlgorithms;
		};
		0179DFBF2DE3CDD3002EC77C /* Defaults */ = {
			isa = XCSwiftPackageProductDependency;
			package = 0179DFBE2DE3CDD3002EC77C /* XCRemoteSwiftPackageReference "Defaults" */;
			productName = Defaults;
		};
		018B8F0B2E331989003A0DAF /* RealModule */ = {
			isa = XCSwiftPackageProductDependency;
			package = 0116B3A72E331916001FC453 /* XCRemoteSwiftPackageReference "swift-numerics" */;
			productName = RealModule;
		};
		01A1014E2E93C12E0032AB29 /* Gzip */ = {
			isa = XCSwiftPackageProductDependency;
			package = 01A1014D2E93BF240032AB29 /* XCRemoteSwiftPackageReference "GzipSwift" */;
			productName = Gzip;
		};
		01A1509F2E93BAA700D3180A /* SwiftTimeZoneLookup */ = {
			isa = XCSwiftPackageProductDependency;
			package = 01A1509E2E93B93900D3180A /* XCRemoteSwiftPackageReference "SwiftTimeZoneLookup" */;
			productName = SwiftTimeZoneLookup;
		};
		01A506972E55A78800F8EC4F /* SwiftNASR */ = {
			isa = XCSwiftPackageProductDependency;
			package = 0163BCA72DDEF40D008FEE8F /* XCRemoteSwiftPackageReference "SwiftNASR" */;
			productName = SwiftNASR;
		};
		01A506992E55A78800F8EC4F /* Logging */ = {
			isa = XCSwiftPackageProductDependency;
			package = 01D1E3112DDF890100C1CAC8 /* XCRemoteSwiftPackageReference "swift-log" */;
			productName = Logging;
		};
		01A5069C2E55A79C00F8EC4F /* ArgumentParser */ = {
			isa = XCSwiftPackageProductDependency;
			package = 01A5069B2E55A79C00F8EC4F /* XCRemoteSwiftPackageReference "swift-argument-parser" */;
			productName = ArgumentParser;
		};
		01BEBCB72E8A401100631DE6 /* SwiftHtml */ = {
			isa = XCSwiftPackageProductDependency;
			package = 01BEBCB62E8A401100631DE6 /* XCRemoteSwiftPackageReference "swift-html" */;
			productName = SwiftHtml;
		};
		01D1E3122DDF890100C1CAC8 /* Logging */ = {
			isa = XCSwiftPackageProductDependency;
			package = 01D1E3112DDF890100C1CAC8 /* XCRemoteSwiftPackageReference "swift-log" */;
			productName = Logging;
		};
		602F51ECCC3348DE83D26B3E /* Sentry */ = {
			isa = XCSwiftPackageProductDependency;
			package = A0265BD12B874F4A917707F3 /* XCRemoteSwiftPackageReference "sentry-cocoa" */;
			productName = Sentry;
		};
/* End XCSwiftPackageProductDependency section */
	};
	rootObject = 0163BC622DDEE9D3008FEE8F /* Project object */;
}
